
Microsoft Visual Studio Solution File, Format Version 12.00
# Visual Studio Version 17
VisualStudioVersion = 17.6.33829.357
MinimumVisualStudioVersion = 10.0.40219.1
Project("{FAE04EC0-301F-11D3-BF4B-00C04F79EFBC}") = "JavascriptAspNetCore6RecaptchaV3", "JavascriptAspNetCore6RecaptchaV3\JavascriptAspNetCore6RecaptchaV3.csproj", "{DEC333D1-25DB-498B-B980-CD8598FF3B16}"
EndProject
Global
	GlobalSection(SolutionConfigurationPlatforms) = preSolution
		Debug|Any CPU = Debug|Any CPU
		Release|Any CPU = Release|Any CPU
	EndGlobalSection
	GlobalSection(ProjectConfigurationPlatforms) = postSolution
		{DEC333D1-25DB-498B-B980-CD8598FF3B16}.Debug|Any CPU.ActiveCfg = Debug|Any CPU
		{DEC333D1-25DB-498B-B980-CD8598FF3B16}.Debug|Any CPU.Build.0 = Debug|Any CPU
		{DEC333D1-25DB-498B-B980-CD8598FF3B16}.Release|Any CPU.ActiveCfg = Release|Any CPU
		{DEC333D1-25DB-498B-B980-CD8598FF3B16}.Release|Any CPU.Build.0 = Release|Any CPU
	EndGlobalSection
	GlobalSection(SolutionProperties) = preSolution
		HideSolutionNode = FALSE
	EndGlobalSection
	GlobalSection(ExtensibilityGlobals) = postSolution
		SolutionGuid = {F348AEC9-FDA3-4C7D-81CE-926729D73932}
	EndGlobalSection
EndGlobal
